Microsoft Visual Studio Solution File, Format Version 8.00
Project("{FAE04EC0-301F-11D3-BF4B-00C04F79EFBC}") = "TestApplication", "TestApplication\TestApplication.csproj", "{3DDE12E5-4BE2-4DF4-959A-DCBE9F5AE7F5}"
	ProjectSection(ProjectDependencies) = postProject
	EndProjectSection
EndProject
Project("{FAE04EC0-301F-11D3-BF4B-00C04F79EFBC}") = "TestExtender", "TestExtender\TestExtender.csproj", "{154F5BC4-82C8-4F48-9D83-89A1C6BDF702}"
	ProjectSection(ProjectDependencies) = postProject
	EndProjectSection
EndProject
Global
	GlobalSection(SolutionConfiguration) = preSolution
		Debug = Debug
		Release = Release
	EndGlobalSection
	GlobalSection(ProjectConfiguration) = postSolution
		{3DDE12E5-4BE2-4DF4-959A-DCBE9F5AE7F5}.Debug.ActiveCfg = Debug|.NET
		{3DDE12E5-4BE2-4DF4-959A-DCBE9F5AE7F5}.Debug.Build.0 = Debug|.NET
		{3DDE12E5-4BE2-4DF4-959A-DCBE9F5AE7F5}.Release.ActiveCfg = Release|.NET
		{3DDE12E5-4BE2-4DF4-959A-DCBE9F5AE7F5}.Release.Build.0 = Release|.NET
		{154F5BC4-82C8-4F48-9D83-89A1C6BDF702}.Debug.ActiveCfg = Debug|.NET
		{154F5BC4-82C8-4F48-9D83-89A1C6BDF702}.Debug.Build.0 = Debug|.NET
		{154F5BC4-82C8-4F48-9D83-89A1C6BDF702}.Release.ActiveCfg = Release|.NET
		{154F5BC4-82C8-4F48-9D83-89A1C6BDF702}.Release.Build.0 = Release|.NET
	EndGlobalSection
	GlobalSection(ExtensibilityGlobals) = postSolution
	EndGlobalSection
	GlobalSection(ExtensibilityAddIns) = postSolution
	EndGlobalSection
EndGlobal
