Microsoft Visual Studio Solution File, Format Version 8.00
Project("{F184B08F-C81C-45F6-A57F-5ABD9991F28F}") = "SimpleVB1", "SimpleVB.vbproj", "{EFB9B355-EC39-47D9-BC48-D613F9D76384}"
	ProjectSection(ProjectDependencies) = postProject
	EndProjectSection
EndProject
Global
	GlobalSection(SolutionConfiguration) = preSolution
		Debug = Debug
		Release = Release
	EndGlobalSection
	GlobalSection(ProjectConfiguration) = postSolution
		{EFB9B355-EC39-47D9-BC48-D613F9D76384}.Debug.ActiveCfg = Debug|.NET
		{EFB9B355-EC39-47D9-BC48-D613F9D76384}.Debug.Build.0 = Debug|.NET
		{EFB9B355-EC39-47D9-BC48-D613F9D76384}.Release.ActiveCfg = Release|.NET
		{EFB9B355-EC39-47D9-BC48-D613F9D76384}.Release.Build.0 = Release|.NET
	EndGlobalSection
	GlobalSection(ExtensibilityGlobals) = postSolution
	EndGlobalSection
	GlobalSection(ExtensibilityAddIns) = postSolution
	EndGlobalSection
EndGlobal
