Microsoft Visual Studio Solution File, Format Version 8.00
Project("{FAE04EC0-301F-11D3-BF4B-00C04F79EFBC}") = "NetSpell.SpellChecker", "NetSpell.SpellChecker\NetSpell.SpellChecker.csproj", "{A426EE0B-E52E-4D74-AF24-06797142D7B2}"
	ProjectSection(ProjectDependencies) = postProject
	EndProjectSection
EndProject
Project("{FAE04EC0-301F-11D3-BF4B-00C04F79EFBC}") = "NetSpell.Demo.Web", "http://localhost/NetSpell/NetSpell.Demo.Web.csproj", "{5164D9BB-C23F-409D-878B-46C4A0835E7A}"
	ProjectSection(ProjectDependencies) = postProject
	EndProjectSection
EndProject
Global
	GlobalSection(SolutionConfiguration) = preSolution
		Debug = Debug
		Release = Release
	EndGlobalSection
	GlobalSection(ProjectConfiguration) = postSolution
		{A426EE0B-E52E-4D74-AF24-06797142D7B2}.Debug.ActiveCfg = Debug|.NET
		{A426EE0B-E52E-4D74-AF24-06797142D7B2}.Debug.Build.0 = Debug|.NET
		{A426EE0B-E52E-4D74-AF24-06797142D7B2}.Release.ActiveCfg = Release|.NET
		{A426EE0B-E52E-4D74-AF24-06797142D7B2}.Release.Build.0 = Release|.NET
		{5164D9BB-C23F-409D-878B-46C4A0835E7A}.Debug.ActiveCfg = Debug|.NET
		{5164D9BB-C23F-409D-878B-46C4A0835E7A}.Debug.Build.0 = Debug|.NET
		{5164D9BB-C23F-409D-878B-46C4A0835E7A}.Release.ActiveCfg = Release|.NET
		{5164D9BB-C23F-409D-878B-46C4A0835E7A}.Release.Build.0 = Release|.NET
	EndGlobalSection
	GlobalSection(ExtensibilityGlobals) = postSolution
	EndGlobalSection
	GlobalSection(ExtensibilityAddIns) = postSolution
	EndGlobalSection
EndGlobal
