Microsoft Visual Studio Solution File, Format Version 8.00
Project("{FAE04EC0-301F-11D3-BF4B-00C04F79EFBC}") = "NetSpell.SpellChecker", "NetSpell.SpellChecker\NetSpell.SpellChecker.csproj", "{A426EE0B-E52E-4D74-AF24-06797142D7B2}"
	ProjectSection(ProjectDependencies) = postProject
	EndProjectSection
EndProject
Project("{FAE04EC0-301F-11D3-BF4B-00C04F79EFBC}") = "NetSpell.Tests", "NetSpell.Tests\NetSpell.Tests.csproj", "{FA92DDBE-81AD-4F8A-9941-300839C15727}"
	ProjectSection(ProjectDependencies) = postProject
	EndProjectSection
EndProject
Project("{FAE04EC0-301F-11D3-BF4B-00C04F79EFBC}") = "NetSpell.DictionaryBuild", "NetSpell.DictionaryBuild\NetSpell.DictionaryBuild.csproj", "{1A1420D4-99BA-4755-9D54-F920BA435D64}"
	ProjectSection(ProjectDependencies) = postProject
	EndProjectSection
EndProject
Project("{54435603-DBB4-11D2-8724-00A0C9A8B90C}") = "NetSpell.Setup", "NetSpell.Setup\NetSpell.Setup.vdproj", "{61F38488-46CE-4E27-8917-372903BDB50F}"
	ProjectSection(ProjectDependencies) = postProject
	EndProjectSection
EndProject
Global
	GlobalSection(SolutionConfiguration) = preSolution
		Debug = Debug
		Release = Release
	EndGlobalSection
	GlobalSection(ProjectConfiguration) = postSolution
		{A426EE0B-E52E-4D74-AF24-06797142D7B2}.Debug.ActiveCfg = Debug|.NET
		{A426EE0B-E52E-4D74-AF24-06797142D7B2}.Debug.Build.0 = Debug|.NET
		{A426EE0B-E52E-4D74-AF24-06797142D7B2}.Release.ActiveCfg = Release|.NET
		{A426EE0B-E52E-4D74-AF24-06797142D7B2}.Release.Build.0 = Release|.NET
		{FA92DDBE-81AD-4F8A-9941-300839C15727}.Debug.ActiveCfg = Debug|.NET
		{FA92DDBE-81AD-4F8A-9941-300839C15727}.Debug.Build.0 = Debug|.NET
		{FA92DDBE-81AD-4F8A-9941-300839C15727}.Release.ActiveCfg = Release|.NET
		{FA92DDBE-81AD-4F8A-9941-300839C15727}.Release.Build.0 = Release|.NET
		{1A1420D4-99BA-4755-9D54-F920BA435D64}.Debug.ActiveCfg = Debug|.NET
		{1A1420D4-99BA-4755-9D54-F920BA435D64}.Debug.Build.0 = Debug|.NET
		{1A1420D4-99BA-4755-9D54-F920BA435D64}.Release.ActiveCfg = Release|.NET
		{1A1420D4-99BA-4755-9D54-F920BA435D64}.Release.Build.0 = Release|.NET
		{61F38488-46CE-4E27-8917-372903BDB50F}.Debug.ActiveCfg = Debug
		{61F38488-46CE-4E27-8917-372903BDB50F}.Release.ActiveCfg = Release
	EndGlobalSection
	GlobalSection(ExtensibilityGlobals) = postSolution
	EndGlobalSection
	GlobalSection(ExtensibilityAddIns) = postSolution
	EndGlobalSection
EndGlobal
